
Microsoft Visual Studio Solution File, Format Version 12.00
# Visual Studio Version 17
VisualStudioVersion = 17.2.32526.322
MinimumVisualStudioVersion = 10.0.40219.1
Project("{FAE04EC0-301F-11D3-BF4B-00C04F79EFBC}") = "backendMinimalApi", "backendMinimalApi\backendMinimalApi.csproj", "{1D9ED407-62B3-47A1-9219-315C1D6441C7}"
EndProject
Global
	GlobalSection(SolutionConfigurationPlatforms) = preSolution
		Debug|Any CPU = Debug|Any CPU
		Release|Any CPU = Release|Any CPU
	EndGlobalSection
	GlobalSection(ProjectConfigurationPlatforms) = postSolution
		{1D9ED407-62B3-47A1-9219-315C1D6441C7}.Debug|Any CPU.ActiveCfg = Debug|Any CPU
		{1D9ED407-62B3-47A1-9219-315C1D6441C7}.Debug|Any CPU.Build.0 = Debug|Any CPU
		{1D9ED407-62B3-47A1-9219-315C1D6441C7}.Release|Any CPU.ActiveCfg = Release|Any CPU
		{1D9ED407-62B3-47A1-9219-315C1D6441C7}.Release|Any CPU.Build.0 = Release|Any CPU
	EndGlobalSection
	GlobalSection(SolutionProperties) = preSolution
		HideSolutionNode = FALSE
	EndGlobalSection
	GlobalSection(ExtensibilityGlobals) = postSolution
		SolutionGuid = {84F533A7-1765-45FA-AC57-FE305DDED85B}
	EndGlobalSection
EndGlobal
